{
  "lockfileVersion": 1,
  "configVersion": 0,
  "workspaces": {
    "": {
      "name": "@vibearound/plugin-weixin-openclaw-bridge",
      "dependencies": {
        "@vibearound/plugin-channel-sdk": "^0.3.0",
        "qrcode-terminal": "^0.12.0",
      },
      "devDependencies": {
        "@types/node": "^22.0.0",
        "typescript": "^5.7.0",
      },
    },
  },
  "packages": {
    "@agentclientprotocol/sdk": ["@agentclientprotocol/sdk@0.17.1", "https://registry.npmmirror.com/@agentclientprotocol/sdk/-/sdk-0.17.1.tgz", { "peerDependencies": { "zod": "^3.25.0 || ^4.0.0" } }, "sha512-yjyIn8POL18IOXioLySYiL0G44kZ/IZctAls7vS3AC3X+qLhFXbWmzABSZehwRnWFShMXT+ODa/HJG1+mGXZ1A=="],

    "@types/node": ["@types/node@22.19.15", "https://registry.npmmirror.com/@types/node/-/node-22.19.15.tgz", { "dependencies": { "undici-types": "~6.21.0" } }, "sha512-F0R/h2+dsy5wJAUe3tAU6oqa2qbWY5TpNfL/RGmo1y38hiyO1w3x2jPtt76wmuaJI4DQnOBu21cNXQ2STIUUWg=="],

    "@vibearound/plugin-channel-sdk": ["@vibearound/plugin-channel-sdk@0.3.0", "", { "dependencies": { "@agentclientprotocol/sdk": "^0.17.1" } }, "sha512-/I79KdyoJQ+eqL+34TlU8EuIFgJvn2iARqyKcyd7uUmC3QaBQm6svhkroLMgoNxy1kmy5Xmt1CpijA+Tb3WPMw=="],

    "qrcode-terminal": ["qrcode-terminal@0.12.0", "https://registry.npmmirror.com/qrcode-terminal/-/qrcode-terminal-0.12.0.tgz", { "bin": "bin/qrcode-terminal.js" }, "sha512-EXtzRZmC+YGmGlDFbXKxQiMZNwCLEO6BANKXG4iCtSIM0yqc/pappSx3RIKr4r0uh5JsBckOXeKrB3Iz7mdQpQ=="],

    "typescript": ["typescript@5.9.3", "https://registry.npmmirror.com/typescript/-/typescript-5.9.3.tgz", { "bin": { "tsc": "bin/tsc", "tsserver": "bin/tsserver" } }, "sha512-jl1vZzPDinLr9eUt3J/t7V6FgNEw9QjvBPdysz9KfQDD41fQrC2Y4vKQdiaUpFT4bXlb1RHhLpp8wtm6M5TgSw=="],

    "undici-types": ["undici-types@6.21.0", "https://registry.npmmirror.com/undici-types/-/undici-types-6.21.0.tgz", {}, "sha512-iwDZqg0QAGrg9Rav5H4n0M64c3mkR59cJ6wQp+7C4nI0gsmExaedaYLNO44eT4AtBBwjbTiGPMlt2Md0T9H9JQ=="],

    "zod": ["zod@4.3.6", "https://registry.npmmirror.com/zod/-/zod-4.3.6.tgz", {}, "sha512-rftlrkhHZOcjDwkGlnUtZZkvaPHCsDATp4pGpuOOMDaTdDDXF91wuVDJoWoPsKX/3YPQ5fHuF3STjcYyKr+Qhg=="],
  }
}
